[{<<"bristow">>,{pkg,<<"bristow">>,<<"0.1.1">>},1},
 {<<"bucs">>,{pkg,<<"bucs">>,<<"0.1.8">>},1},
 {<<"doteki">>,{pkg,<<"doteki">>,<<"0.1.11">>},1},
 {<<"goldrush">>,{pkg,<<"goldrush">>,<<"0.1.8">>},2},
 {<<"kafe">>,{pkg,<<"kafe">>,<<"1.6.1">>},0},
 {<<"lager">>,{pkg,<<"lager">>,<<"3.2.1">>},1},
 {<<"poolgirl">>,{pkg,<<"poolgirl">>,<<"0.1.2">>},1}].
